
Microsoft Visual Studio Solution File, Format Version 12.00
# Visual Studio Version 17
VisualStudioVersion = 17.1.32421.90
MinimumVisualStudioVersion = 10.0.40219.1
Project("{FAE04EC0-301F-11D3-BF4B-00C04F79EFBC}") = "Arpg", "Arpg\Arpg.csproj", "{9DFD50B3-FF56-4AF2-8F1B-D83A9B84E2A4}"
EndProject
Global
	GlobalSection(SolutionConfigurationPlatforms) = preSolution
		Debug|Any CPU = Debug|Any CPU
		Release|Any CPU = Release|Any CPU
	EndGlobalSection
	GlobalSection(ProjectConfigurationPlatforms) = postSolution
		{9DFD50B3-FF56-4AF2-8F1B-D83A9B84E2A4}.Debug|Any CPU.ActiveCfg = Debug|Any CPU
		{9DFD50B3-FF56-4AF2-8F1B-D83A9B84E2A4}.Debug|Any CPU.Build.0 = Debug|Any CPU
		{9DFD50B3-FF56-4AF2-8F1B-D83A9B84E2A4}.Release|Any CPU.ActiveCfg = Release|Any CPU
		{9DFD50B3-FF56-4AF2-8F1B-D83A9B84E2A4}.Release|Any CPU.Build.0 = Release|Any CPU
	EndGlobalSection
	GlobalSection(SolutionProperties) = preSolution
		HideSolutionNode = FALSE
	EndGlobalSection
	GlobalSection(ExtensibilityGlobals) = postSolution
		SolutionGuid = {94717762-7B09-40C6-971E-5BEA73B6FF25}
	EndGlobalSection
EndGlobal
